# THIS IS AN AUTOGENERATED FILE. DO NOT EDIT THIS FILE DIRECTLY.
# yarn lockfile v1


abbrev@1:
  version "1.1.0"
  resolved "https://registry.yarnpkg.com/abbrev/-/abbrev-1.1.0.tgz#d0554c2256636e2f56e7c2e5ad183f859428d81f"

ansi-styles@^3.2.1:
  version "3.2.1"
  resolved "https://registry.yarnpkg.com/ansi-styles/-/ansi-styles-3.2.1.tgz#41fbb20243e50b12be0f04b8dedbf07520ce841d"
  dependencies:
    color-convert "^1.9.0"

array-find-index@^1.0.2:
  version "1.0.2"
  resolved "https://registry.yarnpkg.com/array-find-index/-/array-find-index-1.0.2.tgz#df010aa1287e164bbda6f9723b0a96a1ec4187a1"

asap@^2.0.0:
  version "2.0.6"
  resolved "https://registry.yarnpkg.com/asap/-/asap-2.0.6.tgz#e50347611d7e690943208bbdafebcbc2fb866d46"

balanced-match@^1.0.0:
  version "1.0.0"
  resolved "https://registry.yarnpkg.com/balanced-match/-/balanced-match-1.0.0.tgz#89b4d199ab2bee49de164ea02b89ce462d71b767"

brace-expansion@^1.1.7:
  version "1.1.8"
  resolved "https://registry.yarnpkg.com/brace-expansion/-/brace-expansion-1.1.8.tgz#c07b211c7c952ec1f8efd51a77ef0d1d3990a292"
  dependencies:
    balanced-match "^1.0.0"
    concat-map "0.0.1"

builtin-modules@^1.0.0:
  version "1.1.1"
  resolved "https://registry.yarnpkg.com/builtin-modules/-/builtin-modules-1.1.1.tgz#270f076c5a72c02f5b65a47df94c5fe3a278892f"

chalk@^2.4.1:
  version "2.4.1"
  resolved "https://registry.yarnpkg.com/chalk/-/chalk-2.4.1.tgz#18c49ab16a037b6eb0152cc83e3471338215b66e"
  dependencies:
    ansi-styles "^3.2.1"
    escape-string-regexp "^1.0.5"
    supports-color "^5.3.0"

color-convert@^1.9.0:
  version "1.9.3"
  resolved "https://registry.yarnpkg.com/color-convert/-/color-convert-1.9.3.tgz#bb71850690e1f136567de629d2d5471deda4c1e8"
  dependencies:
    color-name "1.1.3"

color-name@1.1.3:
  version "1.1.3"
  resolved "https://registry.yarnpkg.com/color-name/-/color-name-1.1.3.tgz#a7d0558bd89c42f795dd42328f740831ca53bc25"

concat-map@0.0.1:
  version "0.0.1"
  resolved "https://registry.yarnpkg.com/concat-map/-/concat-map-0.0.1.tgz#d8a96bd77fd68df7793a73036a3ba0d5405d477b"

debug@^3.1.0:
  version "3.2.6"
  resolved "https://registry.yarnpkg.com/debug/-/debug-3.2.6.tgz#e83d17de16d8a7efb7717edbe5fb10135eee629b"
  dependencies:
    ms "^2.1.1"

debuglog@^1.0.1:
  version "1.0.1"
  resolved "https://registry.yarnpkg.com/debuglog/-/debuglog-1.0.1.tgz#aa24ffb9ac3df9a2351837cfb2d279360cd78492"

dezalgo@^1.0.0:
  version "1.0.3"
  resolved "https://registry.yarnpkg.com/dezalgo/-/dezalgo-1.0.3.tgz#7f742de066fc748bc8db820569dddce49bf0d456"
  dependencies:
    asap "^2.0.0"
    wrappy "1"

escape-string-regexp@^1.0.5:
  version "1.0.5"
  resolved "https://registry.yarnpkg.com/escape-string-regexp/-/escape-string-regexp-1.0.5.tgz#1b61c0562190a8dff6ae3bb2cf0200ca130b86d4"

fs.realpath@^1.0.0:
  version "1.0.0"
  resolved "https://registry.yarnpkg.com/fs.realpath/-/fs.realpath-1.0.0.tgz#1504ad2523158caa40db4a2787cb01411994ea4f"

glob@^7.1.1:
  version "7.1.2"
  resolved "https://registry.yarnpkg.com/glob/-/glob-7.1.2.tgz#c19c9df9a028702d678612384a6552404c636d15"
  dependencies:
    fs.realpath "^1.0.0"
    inflight "^1.0.4"
    inherits "2"
    minimatch "^3.0.4"
    once "^1.3.0"
    path-is-absolute "^1.0.0"

graceful-fs@^4.1.2:
  version "4.1.11"
  resolved "https://registry.yarnpkg.com/graceful-fs/-/graceful-fs-4.1.11.tgz#0e8bdfe4d1ddb8854d64e04ea7c00e2a026e5658"

has-flag@^3.0.0:
  version "3.0.0"
  resolved "https://registry.yarnpkg.com/has-flag/-/has-flag-3.0.0.tgz#b5d454dc2199ae225699f3467e5a07f3b955bafd"

hosted-git-info@^2.1.4:
  version "2.5.0"
  resolved "https://registry.yarnpkg.com/hosted-git-info/-/hosted-git-info-2.5.0.tgz#6d60e34b3abbc8313062c3b798ef8d901a07af3c"

inflight@^1.0.4:
  version "1.0.6"
  resolved "https://registry.yarnpkg.com/inflight/-/inflight-1.0.6.tgz#49bd6331d7d02d0c09bc910a1075ba8165b56df9"
  dependencies:
    once "^1.3.0"
    wrappy "1"

inherits@2:
  version "2.0.3"
  resolved "https://registry.yarnpkg.com/inherits/-/inherits-2.0.3.tgz#633c2c83e3da42a502f52466022480f4208261de"

is-builtin-module@^1.0.0:
  version "1.0.0"
  resolved "https://registry.yarnpkg.com/is-builtin-module/-/is-builtin-module-1.0.0.tgz#540572d34f7ac3119f8f76c30cbc1b1e037affbe"
  dependencies:
    builtin-modules "^1.0.0"

jju@^1.1.0:
  version "1.3.0"
  resolved "https://registry.yarnpkg.com/jju/-/jju-1.3.0.tgz#dadd9ef01924bc728b03f2f7979bdbd62f7a2aaa"

json-parse-helpfulerror@^1.0.2:
  version "1.0.3"
  resolved "https://registry.yarnpkg.com/json-parse-helpfulerror/-/json-parse-helpfulerror-1.0.3.tgz#13f14ce02eed4e981297b64eb9e3b932e2dd13dc"
  dependencies:
    jju "^1.1.0"

license-checker@^24.0.1:
  version "24.0.1"
  resolved "https://registry.yarnpkg.com/license-checker/-/license-checker-24.0.1.tgz#242b2f13bcf5842fc3a42d0d94c14d161e141816"
  dependencies:
    chalk "^2.4.1"
    debug "^3.1.0"
    mkdirp "^0.5.1"
    nopt "^4.0.1"
    read-installed "~4.0.3"
    semver "^5.5.0"
    spdx "^0.5.1"
    spdx-correct "^3.0.0"
    spdx-satisfies "^4.0.0"
    treeify "^1.1.0"

minimatch@^3.0.4:
  version "3.0.4"
  resolved "https://registry.yarnpkg.com/minimatch/-/minimatch-3.0.4.tgz#5166e286457f03306064be5497e8dbb0c3d32083"
  dependencies:
    brace-expansion "^1.1.7"

minimist@0.0.8:
  version "0.0.8"
  resolved "http://registry.npmjs.org/minimist/-/minimist-0.0.8.tgz#857fcabfc3397d2625b8228262e86aa7a011b05d"

mkdirp@^0.5.1:
  version "0.5.1"
  resolved "http://registry.npmjs.org/mkdirp/-/mkdirp-0.5.1.tgz#30057438eac6cf7f8c4767f38648d6697d75c903"
  dependencies:
    minimist "0.0.8"

ms@^2.1.1:
  version "2.1.1"
  resolved "https://registry.yarnpkg.com/ms/-/ms-2.1.1.tgz#30a5864eb3ebb0a66f2ebe6d727af06a09d86e0a"

nopt@^4.0.1:
  version "4.0.1"
  resolved "https://registry.yarnpkg.com/nopt/-/nopt-4.0.1.tgz#d0d4685afd5415193c8c7505602d0d17cd64474d"
  dependencies:
    abbrev "1"
    osenv "^0.1.4"

normalize-package-data@^2.0.0:
  version "2.4.0"
  resolved "https://registry.yarnpkg.com/normalize-package-data/-/normalize-package-data-2.4.0.tgz#12f95a307d58352075a04907b84ac8be98ac012f"
  dependencies:
    hosted-git-info "^2.1.4"
    is-builtin-module "^1.0.0"
    semver "2 || 3 || 4 || 5"
    validate-npm-package-license "^3.0.1"

once@^1.3.0:
  version "1.4.0"
  resolved "https://registry.yarnpkg.com/once/-/once-1.4.0.tgz#583b1aa775961d4b113ac17d9c50baef9dd76bd1"
  dependencies:
    wrappy "1"

os-homedir@^1.0.0:
  version "1.0.2"
  resolved "http://registry.npmjs.org/os-homedir/-/os-homedir-1.0.2.tgz#ffbc4988336e0e833de0c168c7ef152121aa7fb3"

os-tmpdir@^1.0.0:
  version "1.0.2"
  resolved "http://registry.npmjs.org/os-tmpdir/-/os-tmpdir-1.0.2.tgz#bbe67406c79aa85c5cfec766fe5734555dfa1274"

osenv@^0.1.4:
  version "0.1.5"
  resolved "https://registry.yarnpkg.com/osenv/-/osenv-0.1.5.tgz#85cdfafaeb28e8677f416e287592b5f3f49ea410"
  dependencies:
    os-homedir "^1.0.0"
    os-tmpdir "^1.0.0"

path-is-absolute@^1.0.0:
  version "1.0.1"
  resolved "https://registry.yarnpkg.com/path-is-absolute/-/path-is-absolute-1.0.1.tgz#174b9268735534ffbc7ace6bf53a5a9e1b5c5f5f"

read-installed@~4.0.3:
  version "4.0.3"
  resolved "https://registry.yarnpkg.com/read-installed/-/read-installed-4.0.3.tgz#ff9b8b67f187d1e4c29b9feb31f6b223acd19067"
  dependencies:
    debuglog "^1.0.1"
    read-package-json "^2.0.0"
    readdir-scoped-modules "^1.0.0"
    semver "2 || 3 || 4 || 5"
    slide "~1.1.3"
    util-extend "^1.0.1"
  optionalDependencies:
    graceful-fs "^4.1.2"

read-package-json@^2.0.0:
  version "2.0.10"
  resolved "https://registry.yarnpkg.com/read-package-json/-/read-package-json-2.0.10.tgz#dc0229f6dde6b4b705b39e25b2d970ebe95685ae"
  dependencies:
    glob "^7.1.1"
    json-parse-helpfulerror "^1.0.2"
    normalize-package-data "^2.0.0"
  optionalDependencies:
    graceful-fs "^4.1.2"

readdir-scoped-modules@^1.0.0:
  version "1.0.2"
  resolved "https://registry.yarnpkg.com/readdir-scoped-modules/-/readdir-scoped-modules-1.0.2.tgz#9fafa37d286be5d92cbaebdee030dc9b5f406747"
  dependencies:
    debuglog "^1.0.1"
    dezalgo "^1.0.0"
    graceful-fs "^4.1.2"
    once "^1.3.0"

"semver@2 || 3 || 4 || 5":
  version "5.4.1"
  resolved "https://registry.yarnpkg.com/semver/-/semver-5.4.1.tgz#e059c09d8571f0540823733433505d3a2f00b18e"

semver@^5.5.0:
  version "5.6.0"
  resolved "https://registry.yarnpkg.com/semver/-/semver-5.6.0.tgz#7e74256fbaa49c75aa7c7a205cc22799cac80004"

slide@~1.1.3:
  version "1.1.6"
  resolved "https://registry.yarnpkg.com/slide/-/slide-1.1.6.tgz#56eb027d65b4d2dce6cb2e2d32c4d4afc9e1d707"

spdx-compare@^1.0.0:
  version "1.0.0"
  resolved "https://registry.yarnpkg.com/spdx-compare/-/spdx-compare-1.0.0.tgz#2c55f117362078d7409e6d7b08ce70a857cd3ed7"
  dependencies:
    array-find-index "^1.0.2"
    spdx-expression-parse "^3.0.0"
    spdx-ranges "^2.0.0"

spdx-correct@^3.0.0:
  version "3.0.2"
  resolved "https://registry.yarnpkg.com/spdx-correct/-/spdx-correct-3.0.2.tgz#19bb409e91b47b1ad54159243f7312a858db3c2e"
  dependencies:
    spdx-expression-parse "^3.0.0"
    spdx-license-ids "^3.0.0"

spdx-correct@~1.0.0:
  version "1.0.2"
  resolved "https://registry.yarnpkg.com/spdx-correct/-/spdx-correct-1.0.2.tgz#4b3073d933ff51f3912f03ac5519498a4150db40"
  dependencies:
    spdx-license-ids "^1.0.2"

spdx-exceptions@^1.0.0:
  version "1.0.5"
  resolved "https://registry.yarnpkg.com/spdx-exceptions/-/spdx-exceptions-1.0.5.tgz#9d21ac4da4bdb71d060fb74e5a67531d032cbba6"

spdx-exceptions@^2.1.0:
  version "2.2.0"
  resolved "https://registry.yarnpkg.com/spdx-exceptions/-/spdx-exceptions-2.2.0.tgz#2ea450aee74f2a89bfb94519c07fcd6f41322977"

spdx-expression-parse@^3.0.0:
  version "3.0.0"
  resolved "https://registry.yarnpkg.com/spdx-expression-parse/-/spdx-expression-parse-3.0.0.tgz#99e119b7a5da00e05491c9fa338b7904823b41d0"
  dependencies:
    spdx-exceptions "^2.1.0"
    spdx-license-ids "^3.0.0"

spdx-expression-parse@~1.0.0:
  version "1.0.4"
  resolved "https://registry.yarnpkg.com/spdx-expression-parse/-/spdx-expression-parse-1.0.4.tgz#9bdf2f20e1f40ed447fbe273266191fced51626c"

spdx-license-ids@^1.0.0, spdx-license-ids@^1.0.2:
  version "1.2.2"
  resolved "https://registry.yarnpkg.com/spdx-license-ids/-/spdx-license-ids-1.2.2.tgz#c9df7a3424594ade6bd11900d596696dc06bac57"

spdx-license-ids@^3.0.0:
  version "3.0.2"
  resolved "https://registry.yarnpkg.com/spdx-license-ids/-/spdx-license-ids-3.0.2.tgz#a59efc09784c2a5bada13cfeaf5c75dd214044d2"

spdx-license-list@^5.0.0:
  version "5.0.0"
  resolved "https://registry.yarnpkg.com/spdx-license-list/-/spdx-license-list-5.0.0.tgz#d100186631ec16774094632c22a7a693c39df903"

spdx-ranges@^2.0.0:
  version "2.0.0"
  resolved "https://registry.yarnpkg.com/spdx-ranges/-/spdx-ranges-2.0.0.tgz#257686798e5edb41d45c1aba3d3f1bb47af8d5ec"

spdx-satisfies@^4.0.0:
  version "4.0.0"
  resolved "https://registry.yarnpkg.com/spdx-satisfies/-/spdx-satisfies-4.0.0.tgz#ebc79eec88b68ac75618e2e5ee94fbc347587552"
  dependencies:
    spdx-compare "^1.0.0"
    spdx-expression-parse "^3.0.0"
    spdx-ranges "^2.0.0"

spdx@^0.5.1:
  version "0.5.1"
  resolved "https://registry.yarnpkg.com/spdx/-/spdx-0.5.1.tgz#d36c275088b48d75a9046cd44a838ce4b5339998"
  dependencies:
    spdx-exceptions "^1.0.0"
    spdx-license-ids "^1.0.0"

supports-color@^5.3.0:
  version "5.5.0"
  resolved "https://registry.yarnpkg.com/supports-color/-/supports-color-5.5.0.tgz#e2e69a44ac8772f78a1ec0b35b689df6530efc8f"
  dependencies:
    has-flag "^3.0.0"

treeify@^1.1.0:
  version "1.1.0"
  resolved "https://registry.yarnpkg.com/treeify/-/treeify-1.1.0.tgz#4e31c6a463accd0943879f30667c4fdaff411bb8"

util-extend@^1.0.1:
  version "1.0.3"
  resolved "https://registry.yarnpkg.com/util-extend/-/util-extend-1.0.3.tgz#a7c216d267545169637b3b6edc6ca9119e2ff93f"

validate-npm-package-license@^3.0.1:
  version "3.0.1"
  resolved "https://registry.yarnpkg.com/validate-npm-package-license/-/validate-npm-package-license-3.0.1.tgz#2804babe712ad3379459acfbe24746ab2c303fbc"
  dependencies:
    spdx-correct "~1.0.0"
    spdx-expression-parse "~1.0.0"

wrappy@1:
  version "1.0.2"
  resolved "https://registry.yarnpkg.com/wrappy/-/wrappy-1.0.2.tgz#b5243d8f3ec1aa35f1364605bc0d1036e30ab69f"
